
Microsoft Visual Studio Solution File, Format Version 12.00
# Visual Studio Version 17
VisualStudioVersion = 17.5.33530.505
MinimumVisualStudioVersion = 10.0.40219.1
Project("{9A19103F-16F7-4668-BE54-9A1E7A4F7556}") = "tmt", "tmt.csproj", "{02EC9667-B166-4E45-AE76-F2B0F266453C}"
EndProject
Global
	GlobalSection(SolutionConfigurationPlatforms) = preSolution
		Debug|Any CPU = Debug|Any CPU
		Release|Any CPU = Release|Any CPU
	EndGlobalSection
	GlobalSection(ProjectConfigurationPlatforms) = postSolution
		{02EC9667-B166-4E45-AE76-F2B0F266453C}.Debug|Any CPU.ActiveCfg = Debug|Any CPU
		{02EC9667-B166-4E45-AE76-F2B0F266453C}.Debug|Any CPU.Build.0 = Debug|Any CPU
		{02EC9667-B166-4E45-AE76-F2B0F266453C}.Release|Any CPU.ActiveCfg = Release|Any CPU
		{02EC9667-B166-4E45-AE76-F2B0F266453C}.Release|Any CPU.Build.0 = Release|Any CPU
	EndGlobalSection
	GlobalSection(SolutionProperties) = preSolution
		HideSolutionNode = FALSE
	EndGlobalSection
	GlobalSection(ExtensibilityGlobals) = postSolution
		SolutionGuid = {AA04BC19-0FB5-4364-B644-6EFD8B77586C}
	EndGlobalSection
EndGlobal
